
Microsoft Visual Studio Solution File, Format Version 12.00
# Visual Studio Version 16
VisualStudioVersion = 16.0.31129.286
MinimumVisualStudioVersion = 10.0.40219.1
Project("{FAE04EC0-301F-11D3-BF4B-00C04F79EFBC}") = "Parola_Yoneticisi", "Parola_Yoneticisi.csproj", "{0E105868-F290-44AC-8B12-B3B92299C689}"
EndProject
Project("{54435603-DBB4-11D2-8724-00A0C9A8B90C}") = "Parola_Yoneticisi_Setup", "..\Parola_Yoneticisi_Setup\Parola_Yoneticisi_Setup.vdproj", "{AABB35EB-6947-4593-9137-B623D31BC1DC}"
EndProject
Global
	GlobalSection(SolutionConfigurationPlatforms) = preSolution
		Debug|Any CPU = Debug|Any CPU
		Release|Any CPU = Release|Any CPU
	EndGlobalSection
	GlobalSection(ProjectConfigurationPlatforms) = postSolution
		{0E105868-F290-44AC-8B12-B3B92299C689}.Debug|Any CPU.ActiveCfg = Debug|Any CPU
		{0E105868-F290-44AC-8B12-B3B92299C689}.Debug|Any CPU.Build.0 = Debug|Any CPU
		{0E105868-F290-44AC-8B12-B3B92299C689}.Release|Any CPU.ActiveCfg = Release|Any CPU
		{0E105868-F290-44AC-8B12-B3B92299C689}.Release|Any CPU.Build.0 = Release|Any CPU
		{AABB35EB-6947-4593-9137-B623D31BC1DC}.Debug|Any CPU.ActiveCfg = Debug
		{AABB35EB-6947-4593-9137-B623D31BC1DC}.Release|Any CPU.ActiveCfg = Release
	EndGlobalSection
	GlobalSection(SolutionProperties) = preSolution
		HideSolutionNode = FALSE
	EndGlobalSection
	GlobalSection(ExtensibilityGlobals) = postSolution
		SolutionGuid = {B2CAD0D9-FABB-4263-BD6C-20562C805993}
	EndGlobalSection
EndGlobal
